
Microsoft Visual Studio Solution File, Format Version 12.00
# Visual Studio 14
VisualStudioVersion = 14.0.25420.1
MinimumVisualStudioVersion = 10.0.40219.1
Project("{2150E333-8FDC-42A3-9474-1A3956D46DE8}") = "src", "src", "{356A3413-315A-4DCF-8F00-1A04146CAC26}"
EndProject
Project("{2150E333-8FDC-42A3-9474-1A3956D46DE8}") = "Solution Items", "Solution Items", "{2C537221-2B2F-4EF8-B0EA-750D37CC5F45}"
	ProjectSection(SolutionItems) = preProject
		global.json = global.json
		Readme.md = Readme.md
	EndProjectSection
EndProject
Project("{2150E333-8FDC-42A3-9474-1A3956D46DE8}") = "singletone", "singletone", "{C8F66ADE-232C-498F-B1E8-07957C15EDD5}"
EndProject
Project("{2150E333-8FDC-42A3-9474-1A3956D46DE8}") = "src", "src", "{0AB1422D-73AD-45E5-A5AF-C8EF6D6223F6}"
EndProject
Project("{8BB2217D-0F2D-49D1-97BC-3654ED321F3B}") = "Main", "Main\Main.xproj", "{F86FD692-8104-412F-89F1-2CBA44E49A11}"
EndProject
Project("{8BB2217D-0F2D-49D1-97BC-3654ED321F3B}") = "Test", "Test\Test.xproj", "{2160A2E8-5152-4F6B-A187-87DADA69F16C}"
EndProject
Global
	GlobalSection(SolutionConfigurationPlatforms) = preSolution
		Debug|Any CPU = Debug|Any CPU
		Release|Any CPU = Release|Any CPU
	EndGlobalSection
	GlobalSection(ProjectConfigurationPlatforms) = postSolution
		{F86FD692-8104-412F-89F1-2CBA44E49A11}.Debug|Any CPU.ActiveCfg = Debug|Any CPU
		{F86FD692-8104-412F-89F1-2CBA44E49A11}.Debug|Any CPU.Build.0 = Debug|Any CPU
		{F86FD692-8104-412F-89F1-2CBA44E49A11}.Release|Any CPU.ActiveCfg = Release|Any CPU
		{F86FD692-8104-412F-89F1-2CBA44E49A11}.Release|Any CPU.Build.0 = Release|Any CPU
		{2160A2E8-5152-4F6B-A187-87DADA69F16C}.Debug|Any CPU.ActiveCfg = Debug|Any CPU
		{2160A2E8-5152-4F6B-A187-87DADA69F16C}.Debug|Any CPU.Build.0 = Debug|Any CPU
		{2160A2E8-5152-4F6B-A187-87DADA69F16C}.Release|Any CPU.ActiveCfg = Release|Any CPU
		{2160A2E8-5152-4F6B-A187-87DADA69F16C}.Release|Any CPU.Build.0 = Release|Any CPU
	EndGlobalSection
	GlobalSection(SolutionProperties) = preSolution
		HideSolutionNode = FALSE
	EndGlobalSection
	GlobalSection(NestedProjects) = preSolution
		{C8F66ADE-232C-498F-B1E8-07957C15EDD5} = {356A3413-315A-4DCF-8F00-1A04146CAC26}
		{0AB1422D-73AD-45E5-A5AF-C8EF6D6223F6} = {C8F66ADE-232C-498F-B1E8-07957C15EDD5}
		{F86FD692-8104-412F-89F1-2CBA44E49A11} = {0AB1422D-73AD-45E5-A5AF-C8EF6D6223F6}
		{2160A2E8-5152-4F6B-A187-87DADA69F16C} = {0AB1422D-73AD-45E5-A5AF-C8EF6D6223F6}
	EndGlobalSection
EndGlobal
